// !$*UTF8*$!
{
	archiveVersion = 1;
	classes = {
	};
	objectVersion = 50;
	objects = {

/* Begin PBXBuildFile section */
		23195ECF2617619500A5BFB8 /* BaseViewController.swift in Sources */ = {isa = PBXBuildFile; fileRef = 23195ECE2617619500A5BFB8 /* BaseViewController.swift */; };
		23195EDB261765F200A5BFB8 /* Literals.swift in Sources */ = {isa = PBXBuildFile; fileRef = 23195EDA261765F200A5BFB8 /* Literals.swift */; };
		23195EF72617ADD300A5BFB8 /* UITableView+EmptyState.swift in Sources */ = {isa = PBXBuildFile; fileRef = 23195EF62617ADD300A5BFB8 /* UITableView+EmptyState.swift */; };
		2375504426171CFE00331898 /* BitcoinHistoricValue.swift in Sources */ = {isa = PBXBuildFile; fileRef = 2375504326171CFE00331898 /* BitcoinHistoricValue.swift */; };
		2375504826171F4700331898 /* BitcoinCurrentValue.swift in Sources */ = {isa = PBXBuildFile; fileRef = 2375504726171F4700331898 /* BitcoinCurrentValue.swift */; };
		2375504E2617262100331898 /* BitcoinHistoricValuesListTableViewController.swift in Sources */ = {isa = PBXBuildFile; fileRef = 2375504D2617262100331898 /* BitcoinHistoricValuesListTableViewController.swift */; };
		23851E8226164B2F00144004 /* AppDelegate.swift in Sources */ = {isa = PBXBuildFile; fileRef = 23851E8126164B2F00144004 /* AppDelegate.swift */; };
		23851E8426164B2F00144004 /* SceneDelegate.swift in Sources */ = {isa = PBXBuildFile; fileRef = 23851E8326164B2F00144004 /* SceneDelegate.swift */; };
		23851E8626164B2F00144004 /* ViewController.swift in Sources */ = {isa = PBXBuildFile; fileRef = 23851E8526164B2F00144004 /* ViewController.swift */; };
		23851E8926164B2F00144004 /* Main.storyboard in Resources */ = {isa = PBXBuildFile; fileRef = 23851E8726164B2F00144004 /* Main.storyboard */; };
		23851E8B26164B3100144004 /* Assets.xcassets in Resources */ = {isa = PBXBuildFile; fileRef = 23851E8A26164B3100144004 /* Assets.xcassets */; };
		23851E8E26164B3100144004 /* LaunchScreen.storyboard in Resources */ = {isa = PBXBuildFile; fileRef = 23851E8C26164B3100144004 /* LaunchScreen.storyboard */; };
		23851E9726164B9E00144004 /* Router.swift in Sources */ = {isa = PBXBuildFile; fileRef = 23851E9626164B9E00144004 /* Router.swift */; };
		23851E9A2616504B00144004 /* UtilsDate.swift in Sources */ = {isa = PBXBuildFile; fileRef = 23851E992616504B00144004 /* UtilsDate.swift */; };
		23851E9E2616551A00144004 /* ServiceLayer.swift in Sources */ = {isa = PBXBuildFile; fileRef = 23851E9D2616551A00144004 /* ServiceLayer.swift */; };
/* End PBXBuildFile section */

/* Begin PBXFileReference section */
		23195ECE2617619500A5BFB8 /* BaseViewController.swift */ = {isa = PBXFileReference; lastKnownFileType = sourcecode.swift; path = BaseViewController.swift; sourceTree = "<group>"; };
		23195EDA261765F200A5BFB8 /* Literals.swift */ = {isa = PBXFileReference; lastKnownFileType = sourcecode.swift; path = Literals.swift; sourceTree = "<group>"; };
		23195EF62617ADD300A5BFB8 /* UITableView+EmptyState.swift */ = {isa = PBXFileReference; lastKnownFileType = sourcecode.swift; path = "UITableView+EmptyState.swift"; sourceTree = "<group>"; };
		2375504326171CFE00331898 /* BitcoinHistoricValue.swift */ = {isa = PBXFileReference; lastKnownFileType = sourcecode.swift; path = BitcoinHistoricValue.swift; sourceTree = "<group>"; };
		2375504726171F4700331898 /* BitcoinCurrentValue.swift */ = {isa = PBXFileReference; lastKnownFileType = sourcecode.swift; path = BitcoinCurrentValue.swift; sourceTree = "<group>"; };
		2375504D2617262100331898 /* BitcoinHistoricValuesListTableViewController.swift */ = {isa = PBXFileReference; lastKnownFileType = sourcecode.swift; path = BitcoinHistoricValuesListTableViewController.swift; sourceTree = "<group>"; };
		23851E7E26164B2F00144004 /* N26iOSEngineerChallenge.app */ = {isa = PBXFileReference; explicitFileType = wrapper.application; includeInIndex = 0; path = N26iOSEngineerChallenge.app; sourceTree = BUILT_PRODUCTS_DIR; };
		23851E8126164B2F00144004 /* AppDelegate.swift */ = {isa = PBXFileReference; lastKnownFileType = sourcecode.swift; path = AppDelegate.swift; sourceTree = "<group>"; };
		23851E8326164B2F00144004 /* SceneDelegate.swift */ = {isa = PBXFileReference; lastKnownFileType = sourcecode.swift; path = SceneDelegate.swift; sourceTree = "<group>"; };
		23851E8526164B2F00144004 /* ViewController.swift */ = {isa = PBXFileReference; lastKnownFileType = sourcecode.swift; path = ViewController.swift; sourceTree = "<group>"; };
		23851E8826164B2F00144004 /* Base */ = {isa = PBXFileReference; lastKnownFileType = file.storyboard; name = Base; path = Base.lproj/Main.storyboard; sourceTree = "<group>"; };
		23851E8A26164B3100144004 /* Assets.xcassets */ = {isa = PBXFileReference; lastKnownFileType = folder.assetcatalog; path = Assets.xcassets; sourceTree = "<group>"; };
		23851E8D26164B3100144004 /* Base */ = {isa = PBXFileReference; lastKnownFileType = file.storyboard; name = Base; path = Base.lproj/LaunchScreen.storyboard; sourceTree = "<group>"; };
		23851E8F26164B3100144004 /* Info.plist */ = {isa = PBXFileReference; lastKnownFileType = text.plist.xml; path = Info.plist; sourceTree = "<group>"; };
		23851E9626164B9E00144004 /* Router.swift */ = {isa = PBXFileReference; lastKnownFileType = sourcecode.swift; path = Router.swift; sourceTree = "<group>"; };
		23851E992616504B00144004 /* UtilsDate.swift */ = {isa = PBXFileReference; lastKnownFileType = sourcecode.swift; path = UtilsDate.swift; sourceTree = "<group>"; };
		23851E9D2616551A00144004 /* ServiceLayer.swift */ = {isa = PBXFileReference; lastKnownFileType = sourcecode.swift; path = ServiceLayer.swift; sourceTree = "<group>"; };
/* End PBXFileReference section */

/* Begin PBXFrameworksBuildPhase section */
		23851E7B26164B2F00144004 /* Frameworks */ = {
			isa = PBXFrameworksBuildPhase;
			buildActionMask = 2147483647;
			files = (
			);
			runOnlyForDeploymentPostprocessing = 0;
		};
/* End PBXFrameworksBuildPhase section */

/* Begin PBXGroup section */
		23195EE92617693700A5BFB8 /* Extensions */ = {
			isa = PBXGroup;
			children = (
			);
			path = Extensions;
			sourceTree = "<group>";
		};
		2375504226171ACE00331898 /* Model */ = {
			isa = PBXGroup;
			children = (
				2375504326171CFE00331898 /* BitcoinHistoricValue.swift */,
				2375504726171F4700331898 /* BitcoinCurrentValue.swift */,
			);
			path = Model;
			sourceTree = "<group>";
		};
		2375504A261724CC00331898 /* Controller */ = {
			isa = PBXGroup;
			children = (
				2375504D2617262100331898 /* BitcoinHistoricValuesListTableViewController.swift */,
			);
			path = Controller;
			sourceTree = "<group>";
		};
		2375504B261724D400331898 /* View */ = {
			isa = PBXGroup;
			children = (
				23851E8726164B2F00144004 /* Main.storyboard */,
			);
			path = View;
			sourceTree = "<group>";
		};
		23851E7526164B2F00144004 = {
			isa = PBXGroup;
			children = (
				23851E8026164B2F00144004 /* N26iOSEngineerChallenge */,
				23851E7F26164B2F00144004 /* Products */,
			);
			sourceTree = "<group>";
		};
		23851E7F26164B2F00144004 /* Products */ = {
			isa = PBXGroup;
			children = (
				23851E7E26164B2F00144004 /* N26iOSEngineerChallenge.app */,
			);
			name = Products;
			sourceTree = "<group>";
		};
		23851E8026164B2F00144004 /* N26iOSEngineerChallenge */ = {
			isa = PBXGroup;
			children = (
				23195EE92617693700A5BFB8 /* Extensions */,
				2375504B261724D400331898 /* View */,
				2375504A261724CC00331898 /* Controller */,
				2375504226171ACE00331898 /* Model */,
				23851E9C2616547500144004 /* API */,
				23851E8126164B2F00144004 /* AppDelegate.swift */,
				23851E8326164B2F00144004 /* SceneDelegate.swift */,
				23851E8526164B2F00144004 /* ViewController.swift */,
				23851E8A26164B3100144004 /* Assets.xcassets */,
				23851E8C26164B3100144004 /* LaunchScreen.storyboard */,
				23851E8F26164B3100144004 /* Info.plist */,
				23851E992616504B00144004 /* UtilsDate.swift */,
				23195ECE2617619500A5BFB8 /* BaseViewController.swift */,
				23195EDA261765F200A5BFB8 /* Literals.swift */,
				23195EF62617ADD300A5BFB8 /* UITableView+EmptyState.swift */,
			);
			path = N26iOSEngineerChallenge;
			sourceTree = "<group>";
		};
		23851E9C2616547500144004 /* API */ = {
			isa = PBXGroup;
			children = (
				23851E9D2616551A00144004 /* ServiceLayer.swift */,
				23851E9626164B9E00144004 /* Router.swift */,
			);
			path = API;
			sourceTree = "<group>";
		};
/* End PBXGroup section */

/* Begin PBXNativeTarget section */
		23851E7D26164B2F00144004 /* N26iOSEngineerChallenge */ = {
			isa = PBXNativeTarget;
			buildConfigurationList = 23851E9226164B3100144004 /* Build configuration list for PBXNativeTarget "N26iOSEngineerChallenge" */;
			buildPhases = (
				23851E7A26164B2F00144004 /* Sources */,
				23851E7B26164B2F00144004 /* Frameworks */,
				23851E7C26164B2F00144004 /* Resources */,
			);
			buildRules = (
			);
			dependencies = (
			);
			name = N26iOSEngineerChallenge;
			productName = N26iOSEngineerChallenge;
			productReference = 23851E7E26164B2F00144004 /* N26iOSEngineerChallenge.app */;
			productType = "com.apple.product-type.application";
		};
/* End PBXNativeTarget section */

/* Begin PBXProject section */
		23851E7626164B2F00144004 /* Project object */ = {
			isa = PBXProject;
			attributes = {
				LastSwiftUpdateCheck = 1240;
				LastUpgradeCheck = 1240;
				TargetAttributes = {
					23851E7D26164B2F00144004 = {
						CreatedOnToolsVersion = 12.4;
					};
				};
			};
			buildConfigurationList = 23851E7926164B2F00144004 /* Build configuration list for PBXProject "N26iOSEngineerChallenge" */;
			compatibilityVersion = "Xcode 9.3";
			developmentRegion = en;
			hasScannedForEncodings = 0;
			knownRegions = (
				en,
				Base,
			);
			mainGroup = 23851E7526164B2F00144004;
			productRefGroup = 23851E7F26164B2F00144004 /* Products */;
			projectDirPath = "";
			projectRoot = "";
			targets = (
				23851E7D26164B2F00144004 /* N26iOSEngineerChallenge */,
			);
		};
/* End PBXProject section */

/* Begin PBXResourcesBuildPhase section */
		23851E7C26164B2F00144004 /* Resources */ = {
			isa = PBXResourcesBuildPhase;
			buildActionMask = 2147483647;
			files = (
				23851E8E26164B3100144004 /* LaunchScreen.storyboard in Resources */,
				23851E8B26164B3100144004 /* Assets.xcassets in Resources */,
				23851E8926164B2F00144004 /* Main.storyboard in Resources */,
			);
			runOnlyForDeploymentPostprocessing = 0;
		};
/* End PBXResourcesBuildPhase section */

/* Begin PBXSourcesBuildPhase section */
		23851E7A26164B2F00144004 /* Sources */ = {
			isa = PBXSourcesBuildPhase;
			buildActionMask = 2147483647;
			files = (
				23851E9726164B9E00144004 /* Router.swift in Sources */,
				2375504E2617262100331898 /* BitcoinHistoricValuesListTableViewController.swift in Sources */,
				23195ECF2617619500A5BFB8 /* BaseViewController.swift in Sources */,
				23851E9E2616551A00144004 /* ServiceLayer.swift in Sources */,
				23851E9A2616504B00144004 /* UtilsDate.swift in Sources */,
				23851E8626164B2F00144004 /* ViewController.swift in Sources */,
				23195EDB261765F200A5BFB8 /* Literals.swift in Sources */,
				2375504826171F4700331898 /* BitcoinCurrentValue.swift in Sources */,
				2375504426171CFE00331898 /* BitcoinHistoricValue.swift in Sources */,
				23851E8226164B2F00144004 /* AppDelegate.swift in Sources */,
				23851E8426164B2F00144004 /* SceneDelegate.swift in Sources */,
				23195EF72617ADD300A5BFB8 /* UITableView+EmptyState.swift in Sources */,
			);
			runOnlyForDeploymentPostprocessing = 0;
		};
/* End PBXSourcesBuildPhase section */

/* Begin PBXVariantGroup section */
		23851E8726164B2F00144004 /* Main.storyboard */ = {
			isa = PBXVariantGroup;
			children = (
				23851E8826164B2F00144004 /* Base */,
			);
			name = Main.storyboard;
			sourceTree = "<group>";
		};
		23851E8C26164B3100144004 /* LaunchScreen.storyboard */ = {
			isa = PBXVariantGroup;
			children = (
				23851E8D26164B3100144004 /* Base */,
			);
			name = LaunchScreen.storyboard;
			sourceTree = "<group>";
		};
/* End PBXVariantGroup section */

/* Begin XCBuildConfiguration section */
		23851E9026164B3100144004 /* Debug */ = {
			isa = XCBuildConfiguration;
			buildSettings = {
				ALWAYS_SEARCH_USER_PATHS = NO;
				CLANG_ANALYZER_NONNULL = YES;
				CLANG_ANALYZER_NUMBER_OBJECT_CONVERSION = YES_AGGRESSIVE;
				CLANG_CXX_LANGUAGE_STANDARD = "gnu++14";
				CLANG_CXX_LIBRARY = "libc++";
				CLANG_ENABLE_MODULES = YES;
				CLANG_ENABLE_OBJC_ARC = YES;
				CLANG_ENABLE_OBJC_WEAK = YES;
				CLANG_WARN_BLOCK_CAPTURE_AUTORELEASING = YES;
				CLANG_WARN_BOOL_CONVERSION = YES;
				CLANG_WARN_COMMA = YES;
				CLANG_WARN_CONSTANT_CONVERSION = YES;
				CLANG_WARN_DEPRECATED_OBJC_IMPLEMENTATIONS = YES;
				CLANG_WARN_DIRECT_OBJC_ISA_USAGE = YES_ERROR;
				CLANG_WARN_DOCUMENTATION_COMMENTS = YES;
				CLANG_WARN_EMPTY_BODY = YES;
				CLANG_WARN_ENUM_CONVERSION = YES;
				CLANG_WARN_INFINITE_RECURSION = YES;
				CLANG_WARN_INT_CONVERSION = YES;
				CLANG_WARN_NON_LITERAL_NULL_CONVERSION = YES;
				CLANG_WARN_OBJC_IMPLICIT_RETAIN_SELF = YES;
				CLANG_WARN_OBJC_LITERAL_CONVERSION = YES;
				CLANG_WARN_OBJC_ROOT_CLASS = YES_ERROR;
				CLANG_WARN_QUOTED_INCLUDE_IN_FRAMEWORK_HEADER = YES;
				CLANG_WARN_RANGE_LOOP_ANALYSIS = YES;
				CLANG_WARN_STRICT_PROTOTYPES = YES;
				CLANG_WARN_SUSPICIOUS_MOVE = YES;
				CLANG_WARN_UNGUARDED_AVAILABILITY = YES_AGGRESSIVE;
				CLANG_WARN_UNREACHABLE_CODE = YES;
				CLANG_WARN__DUPLICATE_METHOD_MATCH = YES;
				COPY_PHASE_STRIP = NO;
				DEBUG_INFORMATION_FORMAT = dwarf;
				ENABLE_STRICT_OBJC_MSGSEND = YES;
				ENABLE_TESTABILITY = YES;
				GCC_C_LANGUAGE_STANDARD = gnu11;
				GCC_DYNAMIC_NO_PIC = NO;
				GCC_NO_COMMON_BLOCKS = YES;
				GCC_OPTIMIZATION_LEVEL = 0;
				GCC_PREPROCESSOR_DEFINITIONS = (
					"DEBUG=1",
					"$(inherited)",
				);
				GCC_WARN_64_TO_32_BIT_CONVERSION = YES;
				GCC_WARN_ABOUT_RETURN_TYPE = YES_ERROR;
				GCC_WARN_UNDECLARED_SELECTOR = YES;
				GCC_WARN_UNINITIALIZED_AUTOS = YES_AGGRESSIVE;
				GCC_WARN_UNUSED_FUNCTION = YES;
				GCC_WARN_UNUSED_VARIABLE = YES;
				IPHONEOS_DEPLOYMENT_TARGET = 14.4;
				MTL_ENABLE_DEBUG_INFO = INCLUDE_SOURCE;
				MTL_FAST_MATH = YES;
				ONLY_ACTIVE_ARCH = YES;
				SDKROOT = iphoneos;
				SWIFT_ACTIVE_COMPILATION_CONDITIONS = DEBUG;
				SWIFT_OPTIMIZATION_LEVEL = "-Onone";
			};
			name = Debug;
		};
		23851E9126164B3100144004 /* Release */ = {
			isa = XCBuildConfiguration;
			buildSettings = {
				ALWAYS_SEARCH_USER_PATHS = NO;
				CLANG_ANALYZER_NONNULL = YES;
				CLANG_ANALYZER_NUMBER_OBJECT_CONVERSION = YES_AGGRESSIVE;
				CLANG_CXX_LANGUAGE_STANDARD = "gnu++14";
				CLANG_CXX_LIBRARY = "libc++";
				CLANG_ENABLE_MODULES = YES;
				CLANG_ENABLE_OBJC_ARC = YES;
				CLANG_ENABLE_OBJC_WEAK = YES;
				CLANG_WARN_BLOCK_CAPTURE_AUTORELEASING = YES;
				CLANG_WARN_BOOL_CONVERSION = YES;
				CLANG_WARN_COMMA = YES;
				CLANG_WARN_CONSTANT_CONVERSION = YES;
				CLANG_WARN_DEPRECATED_OBJC_IMPLEMENTATIONS = YES;
				CLANG_WARN_DIRECT_OBJC_ISA_USAGE = YES_ERROR;
				CLANG_WARN_DOCUMENTATION_COMMENTS = YES;
				CLANG_WARN_EMPTY_BODY = YES;
				CLANG_WARN_ENUM_CONVERSION = YES;
				CLANG_WARN_INFINITE_RECURSION = YES;
				CLANG_WARN_INT_CONVERSION = YES;
				CLANG_WARN_NON_LITERAL_NULL_CONVERSION = YES;
				CLANG_WARN_OBJC_IMPLICIT_RETAIN_SELF = YES;
				CLANG_WARN_OBJC_LITERAL_CONVERSION = YES;
				CLANG_WARN_OBJC_ROOT_CLASS = YES_ERROR;
				CLANG_WARN_QUOTED_INCLUDE_IN_FRAMEWORK_HEADER = YES;
				CLANG_WARN_RANGE_LOOP_ANALYSIS = YES;
				CLANG_WARN_STRICT_PROTOTYPES = YES;
				CLANG_WARN_SUSPICIOUS_MOVE = YES;
				CLANG_WARN_UNGUARDED_AVAILABILITY = YES_AGGRESSIVE;
				CLANG_WARN_UNREACHABLE_CODE = YES;
				CLANG_WARN__DUPLICATE_METHOD_MATCH = YES;
				COPY_PHASE_STRIP = NO;
				DEBUG_INFORMATION_FORMAT = "dwarf-with-dsym";
				ENABLE_NS_ASSERTIONS = NO;
				ENABLE_STRICT_OBJC_MSGSEND = YES;
				GCC_C_LANGUAGE_STANDARD = gnu11;
				GCC_NO_COMMON_BLOCKS = YES;
				GCC_WARN_64_TO_32_BIT_CONVERSION = YES;
				GCC_WARN_ABOUT_RETURN_TYPE = YES_ERROR;
				GCC_WARN_UNDECLARED_SELECTOR = YES;
				GCC_WARN_UNINITIALIZED_AUTOS = YES_AGGRESSIVE;
				GCC_WARN_UNUSED_FUNCTION = YES;
				GCC_WARN_UNUSED_VARIABLE = YES;
				IPHONEOS_DEPLOYMENT_TARGET = 14.4;
				MTL_ENABLE_DEBUG_INFO = NO;
				MTL_FAST_MATH = YES;
				SDKROOT = iphoneos;
				SWIFT_COMPILATION_MODE = wholemodule;
				SWIFT_OPTIMIZATION_LEVEL = "-O";
				VALIDATE_PRODUCT = YES;
			};
			name = Release;
		};
		23851E9326164B3100144004 /* Debug */ = {
			isa = XCBuildConfiguration;
			buildSettings = {
				ASSETCATALOG_COMPILER_APPICON_NAME = AppIcon;
				ASSETCATALOG_COMPILER_GLOBAL_ACCENT_COLOR_NAME = AccentColor;
				CODE_SIGN_STYLE = Automatic;
				INFOPLIST_FILE = N26iOSEngineerChallenge/Info.plist;
				IPHONEOS_DEPLOYMENT_TARGET = 14.4;
				LD_RUNPATH_SEARCH_PATHS = (
					"$(inherited)",
					"@executable_path/Frameworks",
				);
				PRODUCT_BUNDLE_IDENTIFIER = com.polpiedra.N26iOSEngineerChallenge;
				PRODUCT_NAME = "$(TARGET_NAME)";
				SWIFT_VERSION = 5.0;
				TARGETED_DEVICE_FAMILY = "1,2";
			};
			name = Debug;
		};
		23851E9426164B3100144004 /* Release */ = {
			isa = XCBuildConfiguration;
			buildSettings = {
				ASSETCATALOG_COMPILER_APPICON_NAME = AppIcon;
				ASSETCATALOG_COMPILER_GLOBAL_ACCENT_COLOR_NAME = AccentColor;
				CODE_SIGN_STYLE = Automatic;
				INFOPLIST_FILE = N26iOSEngineerChallenge/Info.plist;
				IPHONEOS_DEPLOYMENT_TARGET = 14.4;
				LD_RUNPATH_SEARCH_PATHS = (
					"$(inherited)",
					"@executable_path/Frameworks",
				);
				PRODUCT_BUNDLE_IDENTIFIER = com.polpiedra.N26iOSEngineerChallenge;
				PRODUCT_NAME = "$(TARGET_NAME)";
				SWIFT_VERSION = 5.0;
				TARGETED_DEVICE_FAMILY = "1,2";
			};
			name = Release;
		};
/* End XCBuildConfiguration section */

/* Begin XCConfigurationList section */
		23851E7926164B2F00144004 /* Build configuration list for PBXProject "N26iOSEngineerChallenge" */ = {
			isa = XCConfigurationList;
			buildConfigurations = (
				23851E9026164B3100144004 /* Debug */,
				23851E9126164B3100144004 /* Release */,
			);
			defaultConfigurationIsVisible = 0;
			defaultConfigurationName = Release;
		};
		23851E9226164B3100144004 /* Build configuration list for PBXNativeTarget "N26iOSEngineerChallenge" */ = {
			isa = XCConfigurationList;
			buildConfigurations = (
				23851E9326164B3100144004 /* Debug */,
				23851E9426164B3100144004 /* Release */,
			);
			defaultConfigurationIsVisible = 0;
			defaultConfigurationName = Release;
		};
/* End XCConfigurationList section */
	};
	rootObject = 23851E7626164B2F00144004 /* Project object */;
}
